
Microsoft Visual Studio Solution File, Format Version 12.00
# Visual Studio 16
Project("{FAE04EC0-301F-11D3-BF4B-00C04F79EFBC}") = "Assembly-CSharp", "Assembly-CSharp.csproj", "{EAE89FD7-0765-CA47-B419-144FC99E1698}"
EndProject
Project("{FAE04EC0-301F-11D3-BF4B-00C04F79EFBC}") = "Assembly-CSharp-Editor", "Assembly-CSharp-Editor.csproj", "{4D9FB8C6-C670-E679-E9F2-C76E6B238962}"
EndProject
Global
	GlobalSection(SolutionConfigurationPlatforms) = preSolution
		Debug|Any CPU = Debug|Any CPU
		Release|Any CPU = Release|Any CPU
	EndGlobalSection
	GlobalSection(ProjectConfigurationPlatforms) = postSolution
		{EAE89FD7-0765-CA47-B419-144FC99E1698}.Debug|Any CPU.ActiveCfg = Debug|Any CPU
		{EAE89FD7-0765-CA47-B419-144FC99E1698}.Debug|Any CPU.Build.0 = Debug|Any CPU
		{EAE89FD7-0765-CA47-B419-144FC99E1698}.Release|Any CPU.ActiveCfg = Release|Any CPU
		{EAE89FD7-0765-CA47-B419-144FC99E1698}.Release|Any CPU.Build.0 = Release|Any CPU
		{4D9FB8C6-C670-E679-E9F2-C76E6B238962}.Debug|Any CPU.ActiveCfg = Debug|Any CPU
		{4D9FB8C6-C670-E679-E9F2-C76E6B238962}.Debug|Any CPU.Build.0 = Debug|Any CPU
		{4D9FB8C6-C670-E679-E9F2-C76E6B238962}.Release|Any CPU.ActiveCfg = Release|Any CPU
		{4D9FB8C6-C670-E679-E9F2-C76E6B238962}.Release|Any CPU.Build.0 = Release|Any CPU
	EndGlobalSection
	GlobalSection(SolutionProperties) = preSolution
		HideSolutionNode = FALSE
	EndGlobalSection
EndGlobal
